Microsoft Visual Studio Solution File, Format Version 12.00
# Visual Studio Version 17
VisualStudioVersion = 17.0.31903.59
MinimumVisualStudioVersion = 10.0.40219.1
Project("{FAE04EC0-301F-11D3-BF4B-00C04F79EFBC}") = "NetworkTransparency", "src\NetworkTransparency\NetworkTransparency.csproj", "{0B8D1FA6-4BB2-4D43-A6D6-5E6E37E9EB2E}"
EndProject
Global
	GlobalSection(SolutionConfigurationPlatforms) = preSolution
		Debug|Any CPU = Debug|Any CPU
		Release|Any CPU = Release|Any CPU
	EndGlobalSection
	GlobalSection(ProjectConfigurationPlatforms) = postSolution
		{0B8D1FA6-4BB2-4D43-A6D6-5E6E37E9EB2E}.Debug|Any CPU.ActiveCfg = Debug|Any CPU
		{0B8D1FA6-4BB2-4D43-A6D6-5E6E37E9EB2E}.Debug|Any CPU.Build.0 = Debug|Any CPU
		{0B8D1FA6-4BB2-4D43-A6D6-5E6E37E9EB2E}.Release|Any CPU.ActiveCfg = Release|Any CPU
		{0B8D1FA6-4BB2-4D43-A6D6-5E6E37E9EB2E}.Release|Any CPU.Build.0 = Release|Any CPU
	EndGlobalSection
EndGlobal
