Microsoft Visual Studio Solution File, Format Version 12.00
# Visual Studio Version 17
VisualStudioVersion = 17.0.31903.59
MinimumVisualStudioVersion = 10.0.40219.1
Project("{FAE04EC0-301F-11D3-BF4B-00C04F79EFBC}") = "NetworkTransparency", "src\NetworkTransparency\NetworkTransparency.csproj", "{0B8D1FA6-4BB2-4D43-A6D6-5E6E37E9EB2E}"
EndProject
Project("{FAE04EC0-301F-11D3-BF4B-00C04F79EFBC}") = "NetworkTransparency.Core", "src\NetworkTransparency.Core\NetworkTransparency.Core.csproj", "{6F234C82-7838-447B-947B-BC28F7AA350B}"
EndProject
Project("{FAE04EC0-301F-11D3-BF4B-00C04F79EFBC}") = "WindowsTelemetryInspector", "src\WindowsTelemetryInspector\WindowsTelemetryInspector.csproj", "{F87CF814-E0EC-45C6-A849-9EC90DE74AF4}"
EndProject
Project("{FAE04EC0-301F-11D3-BF4B-00C04F79EFBC}") = "NetworkTransparency.Tests", "src\NetworkTransparency.Tests\NetworkTransparency.Tests.csproj", "{F28F009D-7A1A-4A51-A3EB-54834463F83C}"
EndProject
Global
	GlobalSection(SolutionConfigurationPlatforms) = preSolution
		Debug|Any CPU = Debug|Any CPU
		Release|Any CPU = Release|Any CPU
	EndGlobalSection
	GlobalSection(ProjectConfigurationPlatforms) = postSolution
		{0B8D1FA6-4BB2-4D43-A6D6-5E6E37E9EB2E}.Debug|Any CPU.ActiveCfg = Debug|Any CPU
		{0B8D1FA6-4BB2-4D43-A6D6-5E6E37E9EB2E}.Debug|Any CPU.Build.0 = Debug|Any CPU
		{0B8D1FA6-4BB2-4D43-A6D6-5E6E37E9EB2E}.Release|Any CPU.ActiveCfg = Release|Any CPU
		{0B8D1FA6-4BB2-4D43-A6D6-5E6E37E9EB2E}.Release|Any CPU.Build.0 = Release|Any CPU
		{6F234C82-7838-447B-947B-BC28F7AA350B}.Debug|Any CPU.ActiveCfg = Debug|Any CPU
		{6F234C82-7838-447B-947B-BC28F7AA350B}.Debug|Any CPU.Build.0 = Debug|Any CPU
		{6F234C82-7838-447B-947B-BC28F7AA350B}.Release|Any CPU.ActiveCfg = Release|Any CPU
		{6F234C82-7838-447B-947B-BC28F7AA350B}.Release|Any CPU.Build.0 = Release|Any CPU
		{F87CF814-E0EC-45C6-A849-9EC90DE74AF4}.Debug|Any CPU.ActiveCfg = Debug|Any CPU
		{F87CF814-E0EC-45C6-A849-9EC90DE74AF4}.Debug|Any CPU.Build.0 = Debug|Any CPU
		{F87CF814-E0EC-45C6-A849-9EC90DE74AF4}.Release|Any CPU.ActiveCfg = Release|Any CPU
		{F87CF814-E0EC-45C6-A849-9EC90DE74AF4}.Release|Any CPU.Build.0 = Release|Any CPU
		{F28F009D-7A1A-4A51-A3EB-54834463F83C}.Debug|Any CPU.ActiveCfg = Debug|Any CPU
		{F28F009D-7A1A-4A51-A3EB-54834463F83C}.Debug|Any CPU.Build.0 = Debug|Any CPU
		{F28F009D-7A1A-4A51-A3EB-54834463F83C}.Release|Any CPU.ActiveCfg = Release|Any CPU
		{F28F009D-7A1A-4A51-A3EB-54834463F83C}.Release|Any CPU.Build.0 = Release|Any CPU
	EndGlobalSection
EndGlobal
